
Microsoft Visual Studio Solution File, Format Version 12.00
# Visual Studio Version 16
VisualStudioVersion = 16.0.31729.503
MinimumVisualStudioVersion = 10.0.40219.1
Project("{9A19103F-16F7-4668-BE54-9A1E7A4F7556}") = "TesteBase2.Testes", "..\TesteBase2.Testes\TesteBase2.Testes.csproj", "{5851362C-086A-493B-9D6A-F53412645D69}"
EndProject
Project("{9A19103F-16F7-4668-BE54-9A1E7A4F7556}") = "TesteBase2.Objetos", "..\TesteBase2.Objetos\TesteBase2.Objetos.csproj", "{0416FC07-73A5-4DA6-9573-0A5EF3B7CC95}"
EndProject
Global
	GlobalSection(SolutionConfigurationPlatforms) = preSolution
		Debug|Any CPU = Debug|Any CPU
		Release|Any CPU = Release|Any CPU
	EndGlobalSection
	GlobalSection(ProjectConfigurationPlatforms) = postSolution
		{5851362C-086A-493B-9D6A-F53412645D69}.Debug|Any CPU.ActiveCfg = Debug|Any CPU
		{5851362C-086A-493B-9D6A-F53412645D69}.Debug|Any CPU.Build.0 = Debug|Any CPU
		{5851362C-086A-493B-9D6A-F53412645D69}.Release|Any CPU.ActiveCfg = Release|Any CPU
		{5851362C-086A-493B-9D6A-F53412645D69}.Release|Any CPU.Build.0 = Release|Any CPU
		{0416FC07-73A5-4DA6-9573-0A5EF3B7CC95}.Debug|Any CPU.ActiveCfg = Debug|Any CPU
		{0416FC07-73A5-4DA6-9573-0A5EF3B7CC95}.Debug|Any CPU.Build.0 = Debug|Any CPU
		{0416FC07-73A5-4DA6-9573-0A5EF3B7CC95}.Release|Any CPU.ActiveCfg = Release|Any CPU
		{0416FC07-73A5-4DA6-9573-0A5EF3B7CC95}.Release|Any CPU.Build.0 = Release|Any CPU
	EndGlobalSection
	GlobalSection(SolutionProperties) = preSolution
		HideSolutionNode = FALSE
	EndGlobalSection
	GlobalSection(ExtensibilityGlobals) = postSolution
		SolutionGuid = {352AA9E9-EEC6-4118-A6A7-9C989441F80C}
	EndGlobalSection
EndGlobal
